
Microsoft Visual Studio Solution File, Format Version 12.00
# Visual Studio Version 17
VisualStudioVersion = 17.14.36310.24
MinimumVisualStudioVersion = 10.0.40219.1
Project("{FAE04EC0-301F-11D3-BF4B-00C04F79EFBC}") = "PresentationLayer", "PresentationLayer\PresentationLayer.csproj", "{BB6C1AC3-CB9F-4414-BDB4-5FAA25BBF9F6}"
EndProject
Project("{FAE04EC0-301F-11D3-BF4B-00C04F79EFBC}") = "InfrastructureLayer", "InfrastructureLayer\InfrastructureLayer.csproj", "{F7EF0357-1DA3-47CF-BAE1-C8550A7C6C32}"
EndProject
Project("{FAE04EC0-301F-11D3-BF4B-00C04F79EFBC}") = "CoreLayer", "CoreLayer\CoreLayer.csproj", "{139DBED1-08A3-4C21-8D29-0EC4DF7198DA}"
EndProject
Project("{FAE04EC0-301F-11D3-BF4B-00C04F79EFBC}") = "ApplicationLayer", "ApplicationLayer\ApplicationLayer.csproj", "{42003111-EFF6-4537-BF1C-914380F64B44}"
EndProject
Global
	GlobalSection(SolutionConfigurationPlatforms) = preSolution
		Debug|Any CPU = Debug|Any CPU
		Debug|x64 = Debug|x64
		Release|Any CPU = Release|Any CPU
		Release|x64 = Release|x64
	EndGlobalSection
	GlobalSection(ProjectConfigurationPlatforms) = postSolution
		{BB6C1AC3-CB9F-4414-BDB4-5FAA25BBF9F6}.Debug|Any CPU.ActiveCfg = Debug|Any CPU
		{BB6C1AC3-CB9F-4414-BDB4-5FAA25BBF9F6}.Debug|Any CPU.Build.0 = Debug|Any CPU
		{BB6C1AC3-CB9F-4414-BDB4-5FAA25BBF9F6}.Debug|x64.ActiveCfg = Debug|x64
		{BB6C1AC3-CB9F-4414-BDB4-5FAA25BBF9F6}.Debug|x64.Build.0 = Debug|x64
		{BB6C1AC3-CB9F-4414-BDB4-5FAA25BBF9F6}.Release|Any CPU.ActiveCfg = Release|Any CPU
		{BB6C1AC3-CB9F-4414-BDB4-5FAA25BBF9F6}.Release|Any CPU.Build.0 = Release|Any CPU
		{BB6C1AC3-CB9F-4414-BDB4-5FAA25BBF9F6}.Release|x64.ActiveCfg = Release|x64
		{BB6C1AC3-CB9F-4414-BDB4-5FAA25BBF9F6}.Release|x64.Build.0 = Release|x64
		{F7EF0357-1DA3-47CF-BAE1-C8550A7C6C32}.Debug|Any CPU.ActiveCfg = Debug|Any CPU
		{F7EF0357-1DA3-47CF-BAE1-C8550A7C6C32}.Debug|Any CPU.Build.0 = Debug|Any CPU
		{F7EF0357-1DA3-47CF-BAE1-C8550A7C6C32}.Debug|x64.ActiveCfg = Debug|x64
		{F7EF0357-1DA3-47CF-BAE1-C8550A7C6C32}.Debug|x64.Build.0 = Debug|x64
		{F7EF0357-1DA3-47CF-BAE1-C8550A7C6C32}.Release|Any CPU.ActiveCfg = Release|Any CPU
		{F7EF0357-1DA3-47CF-BAE1-C8550A7C6C32}.Release|Any CPU.Build.0 = Release|Any CPU
		{F7EF0357-1DA3-47CF-BAE1-C8550A7C6C32}.Release|x64.ActiveCfg = Release|x64
		{F7EF0357-1DA3-47CF-BAE1-C8550A7C6C32}.Release|x64.Build.0 = Release|x64
		{139DBED1-08A3-4C21-8D29-0EC4DF7198DA}.Debug|Any CPU.ActiveCfg = Debug|Any CPU
		{139DBED1-08A3-4C21-8D29-0EC4DF7198DA}.Debug|Any CPU.Build.0 = Debug|Any CPU
		{139DBED1-08A3-4C21-8D29-0EC4DF7198DA}.Debug|x64.ActiveCfg = Debug|x64
		{139DBED1-08A3-4C21-8D29-0EC4DF7198DA}.Debug|x64.Build.0 = Debug|x64
		{139DBED1-08A3-4C21-8D29-0EC4DF7198DA}.Release|Any CPU.ActiveCfg = Release|Any CPU
		{139DBED1-08A3-4C21-8D29-0EC4DF7198DA}.Release|Any CPU.Build.0 = Release|Any CPU
		{139DBED1-08A3-4C21-8D29-0EC4DF7198DA}.Release|x64.ActiveCfg = Release|x64
		{139DBED1-08A3-4C21-8D29-0EC4DF7198DA}.Release|x64.Build.0 = Release|x64
		{42003111-EFF6-4537-BF1C-914380F64B44}.Debug|Any CPU.ActiveCfg = Debug|Any CPU
		{42003111-EFF6-4537-BF1C-914380F64B44}.Debug|Any CPU.Build.0 = Debug|Any CPU
		{42003111-EFF6-4537-BF1C-914380F64B44}.Debug|x64.ActiveCfg = Debug|x64
		{42003111-EFF6-4537-BF1C-914380F64B44}.Debug|x64.Build.0 = Debug|x64
		{42003111-EFF6-4537-BF1C-914380F64B44}.Release|Any CPU.ActiveCfg = Release|Any CPU
		{42003111-EFF6-4537-BF1C-914380F64B44}.Release|Any CPU.Build.0 = Release|Any CPU
		{42003111-EFF6-4537-BF1C-914380F64B44}.Release|x64.ActiveCfg = Release|x64
		{42003111-EFF6-4537-BF1C-914380F64B44}.Release|x64.Build.0 = Release|x64
	EndGlobalSection
	GlobalSection(SolutionProperties) = preSolution
		HideSolutionNode = FALSE
	EndGlobalSection
	GlobalSection(ExtensibilityGlobals) = postSolution
		SolutionGuid = {8A7EB709-1FC0-40E9-8CE7-2BCFF708E065}
	EndGlobalSection
EndGlobal
